{
    "version": "0.5",
    "requires": [
        "zstd/1.5.7#b68ca8e3de04ba5957761751d1d661f4%1760955092.069",
        "zlib/1.3.1#cac0f6daea041b0ccf42934163defb20%1765284699.337",
        "tracy/0.12.1#4a846b2790413798402f87b77d2051e5%1752064889.139",
        "spdlog/1.17.0#bcbaaf7147bda6ad24ffbd1ac3d7142c%1767636069.964",
        "sdl/2.24.0#698e8e777564b649c5238e9fc5e69577%1725229201.809",
        "rapidyaml/0.5.0#fa55fd14369649067e0daa2c295aea76%1718381049.285",
        "pybind11/2.13.6#42746850cd4c68d1b1ea42de456c2182%1755673714.548",
        "pugixml/1.14#c6afdcf73d71858303d8260b0d76ff91%1696206310.014",
        "opengl/system#cfcf523b9d2bad75cbf377f56562634c%1762526044.744",
        "nlohmann_json/3.11.3#45828be26eb619a2e04ca517bb7b828d%1701220705.259",
        "lz4/1.9.4#a2f02ad3908618757c68d3618256a196%1775037236.076",
        "llhttp/9.1.3#7910c5104825f02e35c5f76828a57552%1753257376.19",
        "libiconv/1.17#1e65319e945f2d31941a9d28cc13c058%1751451666.321",
        "libdwarf/2.1.0#eeec97d0fa36e5858f60706654ce50d8%1753852612.143",
        "inja/3.5.0#173c9f82d9d576bbf19230bd48001618%1762538733.599",
        "implot/0.16#6054782a4bbc6778477801d0b5eded7c%1712905357.679",
        "imgui/1.90.5-docking#d13f5d93e237e32c90fc25d988d5db5f%1773049074.62",
        "gtest/1.17.0#5224b3b3ff3b4ce1133cbdd27d53ee7d%1755784855.585",
        "fmt/12.1.0#50abab23274d56bb8f42c94b3b9a40c7%1761885265.231",
        "fast_float/6.1.0#f6088e57bf83ac9f9b3abf37fe766cea%1730007497.067",
        "cpptrace/1.0.4#06506d11f8857d7e5c026f7829ef7c3e%1769085085.346",
        "concurrentqueue/1.0.4#1e48e1c712bcfd892087c9c622a51502%1687274728.048",
        "cli11/2.3.2#2df6d985bb950b2babffcc4daca1e9ff%1730283383.142",
        "c4core/0.1.11#f4ab4857c7ade25213739379104e6717%1718607621.941",
        "asio/1.36.0#75a50dae6e50af10cfb2150286b7df39%1756280309.023"
    ],
    "build_requires": [
        "zlib/1.3.1#cac0f6daea041b0ccf42934163defb20%1765284699.337",
        "xapian-core/1.4.19#f8de8e284f40b94b11dd6df4acc8321a%1721053911.733",
        "util-linux-libuuid/2.39#bd126a923abf6303015b107a7d01a37a%1765881090.201",
        "pkgconf/2.1.0#21f96520faf7660b99f872e956d2ac13%1755505630.82",
        "ninja/1.13.2#c8c5dc2a52ed6e4e42a66d75b4717ceb%1764096931.974",
        "meson/1.10.2#9d2d10681fe7fe61c788c58626c89b25%1775558003.754",
        "m4/1.4.19#34c4bbc3eeebe98ca6edf2f52d602e7d%1777282960.259",
        "libiconv/1.17#1e65319e945f2d31941a9d28cc13c058%1751451666.321",
        "gnu-config/cci.20210814#466e9d4d7779e1c142443f7ea44b4284%1762363589.329",
        "flex/2.6.4#efa781fc5088b47c895bd4eef6911f2e%1761560242.855",
        "doxygen/1.17.0#7bbd9853ee4859042bea8683d68e418e%1777740635.84",
        "cmake/4.3.0#b939a42e98f593fb34d3a8c5cc860359%1773780142.26",
        "cmake/3.31.11#f325c933f618a1fcebc1e1c0babfd1ba%1769622857.944",
        "cmake/3.28.1#92f79424d7b65b12a84a2180866c3a78%1703679314.116",
        "bison/3.8.2#c3490cbe0078b6fd3eb4cf5ed64144dc%1755688988.644"
    ],
    "python_requires": [],
    "overrides": {
        "imgui/1.90.5": [
            "imgui/1.90.5-docking"
        ]
    },
    "config_requires": []
}
